
Microsoft Visual Studio Solution File, Format Version 11.00
# Visual Studio 2010
Project("{FAE04EC0-301F-11D3-BF4B-00C04F79EFBC}") = "Assembly-CSharp", "Assembly-CSharp.csproj", "{047566C8-1683-1E7A-97FC-8F43D2032447}"
EndProject
Project("{FAE04EC0-301F-11D3-BF4B-00C04F79EFBC}") = "Assembly-CSharp-Editor", "Assembly-CSharp-Editor.csproj", "{717CD02F-4BEC-4169-912A-B28DFA8F75FA}"
EndProject
Global
	GlobalSection(SolutionConfigurationPlatforms) = preSolution
		Debug|Any CPU = Debug|Any CPU
		Release|Any CPU = Release|Any CPU
	EndGlobalSection
	GlobalSection(ProjectConfigurationPlatforms) = postSolution
		{047566C8-1683-1E7A-97FC-8F43D2032447}.Debug|Any CPU.ActiveCfg = Debug|Any CPU
		{047566C8-1683-1E7A-97FC-8F43D2032447}.Debug|Any CPU.Build.0 = Debug|Any CPU
		{047566C8-1683-1E7A-97FC-8F43D2032447}.Release|Any CPU.ActiveCfg = Release|Any CPU
		{047566C8-1683-1E7A-97FC-8F43D2032447}.Release|Any CPU.Build.0 = Release|Any CPU
		{717CD02F-4BEC-4169-912A-B28DFA8F75FA}.Debug|Any CPU.ActiveCfg = Debug|Any CPU
		{717CD02F-4BEC-4169-912A-B28DFA8F75FA}.Debug|Any CPU.Build.0 = Debug|Any CPU
		{717CD02F-4BEC-4169-912A-B28DFA8F75FA}.Release|Any CPU.ActiveCfg = Release|Any CPU
		{717CD02F-4BEC-4169-912A-B28DFA8F75FA}.Release|Any CPU.Build.0 = Release|Any CPU
	EndGlobalSection
	GlobalSection(SolutionProperties) = preSolution
		HideSolutionNode = FALSE
	EndGlobalSection
EndGlobal
