
Microsoft Visual Studio Solution File, Format Version 11.00
# Visual Studio 2010
Project("{FAE04EC0-301F-11D3-BF4B-00C04F79EFBC}") = "Assembly-CSharp", "Assembly-CSharp.csproj", "{823E9093-5E83-F753-9869-2A3CC011790D}"
EndProject
Project("{FAE04EC0-301F-11D3-BF4B-00C04F79EFBC}") = "Assembly-CSharp-Editor", "Assembly-CSharp-Editor.csproj", "{17DD40C5-4530-01CA-5534-CFA24655C446}"
EndProject
Global
	GlobalSection(SolutionConfigurationPlatforms) = preSolution
		Debug|Any CPU = Debug|Any CPU
		Release|Any CPU = Release|Any CPU
	EndGlobalSection
	GlobalSection(ProjectConfigurationPlatforms) = postSolution
		{823E9093-5E83-F753-9869-2A3CC011790D}.Debug|Any CPU.ActiveCfg = Debug|Any CPU
		{823E9093-5E83-F753-9869-2A3CC011790D}.Debug|Any CPU.Build.0 = Debug|Any CPU
		{823E9093-5E83-F753-9869-2A3CC011790D}.Release|Any CPU.ActiveCfg = Release|Any CPU
		{823E9093-5E83-F753-9869-2A3CC011790D}.Release|Any CPU.Build.0 = Release|Any CPU
		{17DD40C5-4530-01CA-5534-CFA24655C446}.Debug|Any CPU.ActiveCfg = Debug|Any CPU
		{17DD40C5-4530-01CA-5534-CFA24655C446}.Debug|Any CPU.Build.0 = Debug|Any CPU
		{17DD40C5-4530-01CA-5534-CFA24655C446}.Release|Any CPU.ActiveCfg = Release|Any CPU
		{17DD40C5-4530-01CA-5534-CFA24655C446}.Release|Any CPU.Build.0 = Release|Any CPU
	EndGlobalSection
	GlobalSection(SolutionProperties) = preSolution
		HideSolutionNode = FALSE
	EndGlobalSection
EndGlobal
